// !$*UTF8*$!
{
	archiveVersion = 1;
	classes = {
	};
	objectVersion = 50;
	objects = {

/* Begin PBXBuildFile section */
		FABCCB4B265E6C23000A122C /* Custom_SliderApp.swift in Sources */ = {isa = PBXBuildFile; fileRef = FABCCB4A265E6C23000A122C /* Custom_SliderApp.swift */; };
		FABCCB4F265E6C26000A122C /* Assets.xcassets in Resources */ = {isa = PBXBuildFile; fileRef = FABCCB4E265E6C26000A122C /* Assets.xcassets */; };
		FABCCB52265E6C26000A122C /* Preview Assets.xcassets in Resources */ = {isa = PBXBuildFile; fileRef = FABCCB51265E6C26000A122C /* Preview Assets.xcassets */; };
		FABCCB5A265E6C43000A122C /* Trip.swift in Sources */ = {isa = PBXBuildFile; fileRef = FABCCB59265E6C43000A122C /* Trip.swift */; };
		FABCCB5C265E7359000A122C /* CustomShape.swift in Sources */ = {isa = PBXBuildFile; fileRef = FABCCB5B265E7359000A122C /* CustomShape.swift */; };
		FABCCB5E265E7D71000A122C /* PagerControl.swift in Sources */ = {isa = PBXBuildFile; fileRef = FABCCB5D265E7D71000A122C /* PagerControl.swift */; };
		FABCCB62265E7F14000A122C /* Home.swift in Sources */ = {isa = PBXBuildFile; fileRef = FABCCB61265E7F14000A122C /* Home.swift */; };
/* End PBXBuildFile section */

/* Begin PBXFileReference section */
		FABCCB47265E6C23000A122C /* Custom Slider.app */ = {isa = PBXFileReference; explicitFileType = wrapper.application; includeInIndex = 0; path = "Custom Slider.app"; sourceTree = BUILT_PRODUCTS_DIR; };
		FABCCB4A265E6C23000A122C /* Custom_SliderApp.swift */ = {isa = PBXFileReference; lastKnownFileType = sourcecode.swift; path = Custom_SliderApp.swift; sourceTree = "<group>"; };
		FABCCB4E265E6C26000A122C /* Assets.xcassets */ = {isa = PBXFileReference; lastKnownFileType = folder.assetcatalog; path = Assets.xcassets; sourceTree = "<group>"; };
		FABCCB51265E6C26000A122C /* Preview Assets.xcassets */ = {isa = PBXFileReference; lastKnownFileType = folder.assetcatalog; path = "Preview Assets.xcassets"; sourceTree = "<group>"; };
		FABCCB53265E6C26000A122C /* Info.plist */ = {isa = PBXFileReference; lastKnownFileType = text.plist.xml; path = Info.plist; sourceTree = "<group>"; };
		FABCCB59265E6C43000A122C /* Trip.swift */ = {isa = PBXFileReference; lastKnownFileType = sourcecode.swift; path = Trip.swift; sourceTree = "<group>"; };
		FABCCB5B265E7359000A122C /* CustomShape.swift */ = {isa = PBXFileReference; lastKnownFileType = sourcecode.swift; path = CustomShape.swift; sourceTree = "<group>"; };
		FABCCB5D265E7D71000A122C /* PagerControl.swift */ = {isa = PBXFileReference; lastKnownFileType = sourcecode.swift; path = PagerControl.swift; sourceTree = "<group>"; };
		FABCCB61265E7F14000A122C /* Home.swift */ = {isa = PBXFileReference; lastKnownFileType = sourcecode.swift; path = Home.swift; sourceTree = "<group>"; };
/* End PBXFileReference section */

/* Begin PBXFrameworksBuildPhase section */
		FABCCB44265E6C23000A122C /* Frameworks */ = {
			isa = PBXFrameworksBuildPhase;
			buildActionMask = 2147483647;
			files = (
			);
			runOnlyForDeploymentPostprocessing = 0;
		};
/* End PBXFrameworksBuildPhase section */

/* Begin PBXGroup section */
		FABCCB3E265E6C23000A122C = {
			isa = PBXGroup;
			children = (
				FABCCB49265E6C23000A122C /* Custom Slider */,
				FABCCB48265E6C23000A122C /* Products */,
			);
			sourceTree = "<group>";
		};
		FABCCB48265E6C23000A122C /* Products */ = {
			isa = PBXGroup;
			children = (
				FABCCB47265E6C23000A122C /* Custom Slider.app */,
			);
			name = Products;
			sourceTree = "<group>";
		};
		FABCCB49265E6C23000A122C /* Custom Slider */ = {
			isa = PBXGroup;
			children = (
				FABCCB4A265E6C23000A122C /* Custom_SliderApp.swift */,
				FABCCB4E265E6C26000A122C /* Assets.xcassets */,
				FABCCB53265E6C26000A122C /* Info.plist */,
				FABCCB50265E6C26000A122C /* Preview Content */,
				FABCCB59265E6C43000A122C /* Trip.swift */,
				FABCCB5D265E7D71000A122C /* PagerControl.swift */,
				FABCCB5B265E7359000A122C /* CustomShape.swift */,
				FABCCB61265E7F14000A122C /* Home.swift */,
			);
			path = "Custom Slider";
			sourceTree = "<group>";
		};
		FABCCB50265E6C26000A122C /* Preview Content */ = {
			isa = PBXGroup;
			children = (
				FABCCB51265E6C26000A122C /* Preview Assets.xcassets */,
			);
			path = "Preview Content";
			sourceTree = "<group>";
		};
/* End PBXGroup section */

/* Begin PBXNativeTarget section */
		FABCCB46265E6C23000A122C /* Custom Slider */ = {
			isa = PBXNativeTarget;
			buildConfigurationList = FABCCB56265E6C26000A122C /* Build configuration list for PBXNativeTarget "Custom Slider" */;
			buildPhases = (
				FABCCB43265E6C23000A122C /* Sources */,
				FABCCB44265E6C23000A122C /* Frameworks */,
				FABCCB45265E6C23000A122C /* Resources */,
			);
			buildRules = (
			);
			dependencies = (
			);
			name = "Custom Slider";
			productName = "Custom Slider";
			productReference = FABCCB47265E6C23000A122C /* Custom Slider.app */;
			productType = "com.apple.product-type.application";
		};
/* End PBXNativeTarget section */

/* Begin PBXProject section */
		FABCCB3F265E6C23000A122C /* Project object */ = {
			isa = PBXProject;
			attributes = {
				LastSwiftUpdateCheck = 1250;
				LastUpgradeCheck = 1250;
				TargetAttributes = {
					FABCCB46265E6C23000A122C = {
						CreatedOnToolsVersion = 12.5;
					};
				};
			};
			buildConfigurationList = FABCCB42265E6C23000A122C /* Build configuration list for PBXProject "Custom Slider" */;
			compatibilityVersion = "Xcode 9.3";
			developmentRegion = en;
			hasScannedForEncodings = 0;
			knownRegions = (
				en,
				Base,
			);
			mainGroup = FABCCB3E265E6C23000A122C;
			productRefGroup = FABCCB48265E6C23000A122C /* Products */;
			projectDirPath = "";
			projectRoot = "";
			targets = (
				FABCCB46265E6C23000A122C /* Custom Slider */,
			);
		};
/* End PBXProject section */

/* Begin PBXResourcesBuildPhase section */
		FABCCB45265E6C23000A122C /* Resources */ = {
			isa = PBXResourcesBuildPhase;
			buildActionMask = 2147483647;
			files = (
				FABCCB52265E6C26000A122C /* Preview Assets.xcassets in Resources */,
				FABCCB4F265E6C26000A122C /* Assets.xcassets in Resources */,
			);
			runOnlyForDeploymentPostprocessing = 0;
		};
/* End PBXResourcesBuildPhase section */

/* Begin PBXSourcesBuildPhase section */
		FABCCB43265E6C23000A122C /* Sources */ = {
			isa = PBXSourcesBuildPhase;
			buildActionMask = 2147483647;
			files = (
				FABCCB5E265E7D71000A122C /* PagerControl.swift in Sources */,
				FABCCB5C265E7359000A122C /* CustomShape.swift in Sources */,
				FABCCB5A265E6C43000A122C /* Trip.swift in Sources */,
				FABCCB62265E7F14000A122C /* Home.swift in Sources */,
				FABCCB4B265E6C23000A122C /* Custom_SliderApp.swift in Sources */,
			);
			runOnlyForDeploymentPostprocessing = 0;
		};
/* End PBXSourcesBuildPhase section */

/* Begin XCBuildConfiguration section */
		FABCCB54265E6C26000A122C /* Debug */ = {
			isa = XCBuildConfiguration;
			buildSettings = {
				ALWAYS_SEARCH_USER_PATHS = NO;
				CLANG_ANALYZER_NONNULL = YES;
				CLANG_ANALYZER_NUMBER_OBJECT_CONVERSION = YES_AGGRESSIVE;
				CLANG_CXX_LANGUAGE_STANDARD = "gnu++14";
				CLANG_CXX_LIBRARY = "libc++";
				CLANG_ENABLE_MODULES = YES;
				CLANG_ENABLE_OBJC_ARC = YES;
				CLANG_ENABLE_OBJC_WEAK = YES;
				CLANG_WARN_BLOCK_CAPTURE_AUTORELEASING = YES;
				CLANG_WARN_BOOL_CONVERSION = YES;
				CLANG_WARN_COMMA = YES;
				CLANG_WARN_CONSTANT_CONVERSION = YES;
				CLANG_WARN_DEPRECATED_OBJC_IMPLEMENTATIONS = YES;
				CLANG_WARN_DIRECT_OBJC_ISA_USAGE = YES_ERROR;
				CLANG_WARN_DOCUMENTATION_COMMENTS = YES;
				CLANG_WARN_EMPTY_BODY = YES;
				CLANG_WARN_ENUM_CONVERSION = YES;
				CLANG_WARN_INFINITE_RECURSION = YES;
				CLANG_WARN_INT_CONVERSION = YES;
				CLANG_WARN_NON_LITERAL_NULL_CONVERSION = YES;
				CLANG_WARN_OBJC_IMPLICIT_RETAIN_SELF = YES;
				CLANG_WARN_OBJC_LITERAL_CONVERSION = YES;
				CLANG_WARN_OBJC_ROOT_CLASS = YES_ERROR;
				CLANG_WARN_QUOTED_INCLUDE_IN_FRAMEWORK_HEADER = YES;
				CLANG_WARN_RANGE_LOOP_ANALYSIS = YES;
				CLANG_WARN_STRICT_PROTOTYPES = YES;
				CLANG_WARN_SUSPICIOUS_MOVE = YES;
				CLANG_WARN_UNGUARDED_AVAILABILITY = YES_AGGRESSIVE;
				CLANG_WARN_UNREACHABLE_CODE = YES;
				CLANG_WARN__DUPLICATE_METHOD_MATCH = YES;
				COPY_PHASE_STRIP = NO;
				DEBUG_INFORMATION_FORMAT = dwarf;
				ENABLE_STRICT_OBJC_MSGSEND = YES;
				ENABLE_TESTABILITY = YES;
				GCC_C_LANGUAGE_STANDARD = gnu11;
				GCC_DYNAMIC_NO_PIC = NO;
				GCC_NO_COMMON_BLOCKS = YES;
				GCC_OPTIMIZATION_LEVEL = 0;
				GCC_PREPROCESSOR_DEFINITIONS = (
					"DEBUG=1",
					"$(inherited)",
				);
				GCC_WARN_64_TO_32_BIT_CONVERSION = YES;
				GCC_WARN_ABOUT_RETURN_TYPE = YES_ERROR;
				GCC_WARN_UNDECLARED_SELECTOR = YES;
				GCC_WARN_UNINITIALIZED_AUTOS = YES_AGGRESSIVE;
				GCC_WARN_UNUSED_FUNCTION = YES;
				GCC_WARN_UNUSED_VARIABLE = YES;
				IPHONEOS_DEPLOYMENT_TARGET = 14.5;
				MTL_ENABLE_DEBUG_INFO = INCLUDE_SOURCE;
				MTL_FAST_MATH = YES;
				ONLY_ACTIVE_ARCH = YES;
				SDKROOT = iphoneos;
				SWIFT_ACTIVE_COMPILATION_CONDITIONS = DEBUG;
				SWIFT_OPTIMIZATION_LEVEL = "-Onone";
			};
			name = Debug;
		};
		FABCCB55265E6C26000A122C /* Release */ = {
			isa = XCBuildConfiguration;
			buildSettings = {
				ALWAYS_SEARCH_USER_PATHS = NO;
				CLANG_ANALYZER_NONNULL = YES;
				CLANG_ANALYZER_NUMBER_OBJECT_CONVERSION = YES_AGGRESSIVE;
				CLANG_CXX_LANGUAGE_STANDARD = "gnu++14";
				CLANG_CXX_LIBRARY = "libc++";
				CLANG_ENABLE_MODULES = YES;
				CLANG_ENABLE_OBJC_ARC = YES;
				CLANG_ENABLE_OBJC_WEAK = YES;
				CLANG_WARN_BLOCK_CAPTURE_AUTORELEASING = YES;
				CLANG_WARN_BOOL_CONVERSION = YES;
				CLANG_WARN_COMMA = YES;
				CLANG_WARN_CONSTANT_CONVERSION = YES;
				CLANG_WARN_DEPRECATED_OBJC_IMPLEMENTATIONS = YES;
				CLANG_WARN_DIRECT_OBJC_ISA_USAGE = YES_ERROR;
				CLANG_WARN_DOCUMENTATION_COMMENTS = YES;
				CLANG_WARN_EMPTY_BODY = YES;
				CLANG_WARN_ENUM_CONVERSION = YES;
				CLANG_WARN_INFINITE_RECURSION = YES;
				CLANG_WARN_INT_CONVERSION = YES;
				CLANG_WARN_NON_LITERAL_NULL_CONVERSION = YES;
				CLANG_WARN_OBJC_IMPLICIT_RETAIN_SELF = YES;
				CLANG_WARN_OBJC_LITERAL_CONVERSION = YES;
				CLANG_WARN_OBJC_ROOT_CLASS = YES_ERROR;
				CLANG_WARN_QUOTED_INCLUDE_IN_FRAMEWORK_HEADER = YES;
				CLANG_WARN_RANGE_LOOP_ANALYSIS = YES;
				CLANG_WARN_STRICT_PROTOTYPES = YES;
				CLANG_WARN_SUSPICIOUS_MOVE = YES;
				CLANG_WARN_UNGUARDED_AVAILABILITY = YES_AGGRESSIVE;
				CLANG_WARN_UNREACHABLE_CODE = YES;
				CLANG_WARN__DUPLICATE_METHOD_MATCH = YES;
				COPY_PHASE_STRIP = NO;
				DEBUG_INFORMATION_FORMAT = "dwarf-with-dsym";
				ENABLE_NS_ASSERTIONS = NO;
				ENABLE_STRICT_OBJC_MSGSEND = YES;
				GCC_C_LANGUAGE_STANDARD = gnu11;
				GCC_NO_COMMON_BLOCKS = YES;
				GCC_WARN_64_TO_32_BIT_CONVERSION = YES;
				GCC_WARN_ABOUT_RETURN_TYPE = YES_ERROR;
				GCC_WARN_UNDECLARED_SELECTOR = YES;
				GCC_WARN_UNINITIALIZED_AUTOS = YES_AGGRESSIVE;
				GCC_WARN_UNUSED_FUNCTION = YES;
				GCC_WARN_UNUSED_VARIABLE = YES;
				IPHONEOS_DEPLOYMENT_TARGET = 14.5;
				MTL_ENABLE_DEBUG_INFO = NO;
				MTL_FAST_MATH = YES;
				SDKROOT = iphoneos;
				SWIFT_COMPILATION_MODE = wholemodule;
				SWIFT_OPTIMIZATION_LEVEL = "-O";
				VALIDATE_PRODUCT = YES;
			};
			name = Release;
		};
		FABCCB57265E6C26000A122C /* Debug */ = {
			isa = XCBuildConfiguration;
			buildSettings = {
				ASSETCATALOG_COMPILER_APPICON_NAME = AppIcon;
				ASSETCATALOG_COMPILER_GLOBAL_ACCENT_COLOR_NAME = AccentColor;
				CODE_SIGN_STYLE = Automatic;
				DEVELOPMENT_ASSET_PATHS = "\"Custom Slider/Preview Content\"";
				DEVELOPMENT_TEAM = 933M898TAD;
				ENABLE_PREVIEWS = YES;
				INFOPLIST_FILE = "Custom Slider/Info.plist";
				IPHONEOS_DEPLOYMENT_TARGET = 14.0;
				LD_RUNPATH_SEARCH_PATHS = (
					"$(inherited)",
					"@executable_path/Frameworks",
				);
				PRODUCT_BUNDLE_IDENTIFIER = "neri.swiftuiCalculator.Custom-Slider";
				PRODUCT_NAME = "$(TARGET_NAME)";
				SWIFT_VERSION = 5.0;
				TARGETED_DEVICE_FAMILY = "1,2";
			};
			name = Debug;
		};
		FABCCB58265E6C26000A122C /* Release */ = {
			isa = XCBuildConfiguration;
			buildSettings = {
				ASSETCATALOG_COMPILER_APPICON_NAME = AppIcon;
				ASSETCATALOG_COMPILER_GLOBAL_ACCENT_COLOR_NAME = AccentColor;
				CODE_SIGN_STYLE = Automatic;
				DEVELOPMENT_ASSET_PATHS = "\"Custom Slider/Preview Content\"";
				DEVELOPMENT_TEAM = 933M898TAD;
				ENABLE_PREVIEWS = YES;
				INFOPLIST_FILE = "Custom Slider/Info.plist";
				IPHONEOS_DEPLOYMENT_TARGET = 14.0;
				LD_RUNPATH_SEARCH_PATHS = (
					"$(inherited)",
					"@executable_path/Frameworks",
				);
				PRODUCT_BUNDLE_IDENTIFIER = "neri.swiftuiCalculator.Custom-Slider";
				PRODUCT_NAME = "$(TARGET_NAME)";
				SWIFT_VERSION = 5.0;
				TARGETED_DEVICE_FAMILY = "1,2";
			};
			name = Release;
		};
/* End XCBuildConfiguration section */

/* Begin XCConfigurationList section */
		FABCCB42265E6C23000A122C /* Build configuration list for PBXProject "Custom Slider" */ = {
			isa = XCConfigurationList;
			buildConfigurations = (
				FABCCB54265E6C26000A122C /* Debug */,
				FABCCB55265E6C26000A122C /* Release */,
			);
			defaultConfigurationIsVisible = 0;
			defaultConfigurationName = Release;
		};
		FABCCB56265E6C26000A122C /* Build configuration list for PBXNativeTarget "Custom Slider" */ = {
			isa = XCConfigurationList;
			buildConfigurations = (
				FABCCB57265E6C26000A122C /* Debug */,
				FABCCB58265E6C26000A122C /* Release */,
			);
			defaultConfigurationIsVisible = 0;
			defaultConfigurationName = Release;
		};
/* End XCConfigurationList section */
	};
	rootObject = FABCCB3F265E6C23000A122C /* Project object */;
}
